bitbucket.org/olligranlund/hugo-theme v0.0.0-20201210120456-c5841ff238d3 h1:RErlOsuIawseL4Syjgrp8VnO3QnZEmqauPp3bgM6Ut8=
bitbucket.org/olligranlund/hugo-theme v0.0.0-20201210120456-c5841ff238d3/go.mod h1:bMa+GMePzlImqtoOaRsxfqqtwn2VZ/+XkeWiovc5kq4=
bitbucket.org/olligranlund/hugo-theme v0.0.0-20201210135225-340f67a6a8a6 h1:G+rrKLuyutuXEh/AlZdmf1xc591TvnvzAdFeKHp+tb8=
bitbucket.org/olligranlund/hugo-theme v0.0.0-20201210135225-340f67a6a8a6/go.mod h1:bMa+GMePzlImqtoOaRsxfqqtwn2VZ/+XkeWiovc5kq4=
bitbucket.org/olligranlund/hugo-theme v0.0.0-20201210135404-17e674eda988 h1:uWpJ9QDua2blDv4THTusKdFUqz5F23tsEWyP0JWwiBg=
bitbucket.org/olligranlund/hugo-theme v0.0.0-20201210135404-17e674eda988/go.mod h1:bMa+GMePzlImqtoOaRsxfqqtwn2VZ/+XkeWiovc5kq4=
bitbucket.org/olligranlund/hugo-theme v0.0.0-20201210141420-ea87de3fac45 h1:QlqF0W+wsscIAm5ds0x9LIpy8G9ndaiQKhuRZVdfe1Q=
bitbucket.org/olligranlund/hugo-theme v0.0.0-20201210141420-ea87de3fac45/go.mod h1:bMa+GMePzlImqtoOaRsxfqqtwn2VZ/+XkeWiovc5kq4=
bitbucket.org/olligranlund/hugo-theme v0.0.0-20201210141922-d0aa2c04e524 h1:WBmliUEifpgCaWU1wLFi8rhl50T7r6J3TUd9ZTc32lM=
bitbucket.org/olligranlund/hugo-theme v0.0.0-20201210141922-d0aa2c04e524/go.mod h1:bMa+GMePzlImqtoOaRsxfqqtwn2VZ/+XkeWiovc5kq4=
